{
  "version": 4,
  "terraform_version": "1.4.6",
  "serial": 811,
  "lineage": "807e8293-8695-a1eb-15e9-e9d47f913755",
  "outputs": {},
  "resources": [
    {
      "mode": "data",
      "type": "template_file",
      "name": "user_data",
      "provider": "provider[\"registry.terraform.io/hashicorp/template\"]",
      "instances": [
        {
          "schema_version": 0,
          "attributes": {
            "filename": null,
            "id": "4e89c5baaf179f7677d3926d38501e074997ad0b1ca87139035dbaee4488e83f",
            "rendered": "#!/bin/bash\n\n# install SNORT\nsudo su\n\napt update\napt upgrade -y\n\napt install build-essential libpcap-dev libpcre3-dev \\\nlibnet1-dev zlib1g-dev luajit hwloc libdnet-dev \\\nlibdumbnet-dev bison flex liblzma-dev openssl libssl-dev \\\npkg-config libhwloc-dev cmake cpputest libsqlite3-dev uuid-dev \\\nlibcmocka-dev libnetfilter-queue-dev libmnl-dev autotools-dev \\\nlibluajit-5.1-dev libunwind-dev libfl-dev -y\n\nmkdir /home/ubuntu/snort-source-files \u0026\u0026 cd /home/ubuntu/snort-source-files/\n\ngit clone https://github.com/snort3/libdaq.git\ncd /home/ubuntu/snort-source-files/libdaq\n./bootstrap\n./configure\nmake\nmake install\n\ncd /home/ubuntu/snort-source-files/\nwget https://github.com/gperftools/gperftools/releases/download/gperftools-2.9.1/gperftools-2.9.1.tar.gz\ntar xzf gperftools-2.9.1.tar.gz\ncd /home/ubuntu/snort-source-files/gperftools-2.9.1/\n./configure\nmake\nmake install\n\ncd /home/ubuntu/snort-source-files/\nwget https://github.com/snort3/snort3/archive/refs/tags/3.1.28.0.tar.gz\ntar xzf 3.1.28.0.tar.gz\ncd /home/ubuntu/snort-source-files/snort3-3.1.28.0\n./configure_cmake.sh --prefix=/usr/local --enable-tcmalloc\n\ncd /home/ubuntu/snort-source-files/snort3-3.1.28.0/build\nmake\nmake install\nldconfig\n\ncd /home/ubuntu/snort-source-files\ntouch SNORTklaar\n\n# Configure SNORT\nip link set dev eth0 promisc on\nip add sh eth0\nethtool -k eth0 | grep receive-offload\nethtool -K eth0 gro off lro off\n\ncat \u003e /etc/systemd/system/snort3-nic.service \u003c\u003c 'EOL'\n[Unit]\nDescription=Set Snort 3 NIC in promiscuous mode and Disable GRO, LRO on boot\nAfter=network.target\n\n[Service]\nType=oneshot\nExecStart=/usr/sbin/ip link set dev eth0 promisc on\nExecStart=/usr/sbin/ethtool -K eth0 gro off lro off\nTimeoutStartSec=0\nRemainAfterExit=yes\n\n[Install]\nWantedBy=default.target\nEOL\n\nsystemctl daemon-reload\nsystemctl enable --now snort3-nic.service\n\n# Install SNORT Rules\nmkdir /usr/local/etc/rules\nwget -qO- \\\nhttps://www.snort.org/downloads/community/snort3-community-rules.tar.gz \\\n| tar xz -C /usr/local/etc/rules/\n\n# Configuration file path\nconfig_file=\"/usr/local/etc/snort/snort.lua\"\n\n# Lines to add\nline24=\"HOME_NET = '10.0.1.0/24'\"\nline28=\"EXTERNAL_NET = '!\\$HOME_NET'\"\nline192=\",\"\nline193=\"    rules = [[\\n    include \\$RULE_PATH/snort3-community-rules/snort3-community.rules\\n    ]]\"\nline196=\"}\"\n\n# Remove existing lines and insert new lines at specific line numbers\nsed -i \"24s|.*|$line24|\" \"$config_file\"\nsed -i \"28s|.*|$line28|\" \"$config_file\"\nsed -i \"192s|.*|\u0026,|\" \"$config_file\"\nsed -i \"193s|.*|$line193|\" \"$config_file\"\nsed -i \"196i$line196\" \"$config_file\"\n\nmkdir /var/log/snort\n\ncd /home/ubuntu/snort-source-files/\ntouch klaar",
            "template": "#!/bin/bash\n\n# install SNORT\nsudo su\n\napt update\napt upgrade -y\n\napt install build-essential libpcap-dev libpcre3-dev \\\nlibnet1-dev zlib1g-dev luajit hwloc libdnet-dev \\\nlibdumbnet-dev bison flex liblzma-dev openssl libssl-dev \\\npkg-config libhwloc-dev cmake cpputest libsqlite3-dev uuid-dev \\\nlibcmocka-dev libnetfilter-queue-dev libmnl-dev autotools-dev \\\nlibluajit-5.1-dev libunwind-dev libfl-dev -y\n\nmkdir /home/ubuntu/snort-source-files \u0026\u0026 cd /home/ubuntu/snort-source-files/\n\ngit clone https://github.com/snort3/libdaq.git\ncd /home/ubuntu/snort-source-files/libdaq\n./bootstrap\n./configure\nmake\nmake install\n\ncd /home/ubuntu/snort-source-files/\nwget https://github.com/gperftools/gperftools/releases/download/gperftools-2.9.1/gperftools-2.9.1.tar.gz\ntar xzf gperftools-2.9.1.tar.gz\ncd /home/ubuntu/snort-source-files/gperftools-2.9.1/\n./configure\nmake\nmake install\n\ncd /home/ubuntu/snort-source-files/\nwget https://github.com/snort3/snort3/archive/refs/tags/3.1.28.0.tar.gz\ntar xzf 3.1.28.0.tar.gz\ncd /home/ubuntu/snort-source-files/snort3-3.1.28.0\n./configure_cmake.sh --prefix=/usr/local --enable-tcmalloc\n\ncd /home/ubuntu/snort-source-files/snort3-3.1.28.0/build\nmake\nmake install\nldconfig\n\ncd /home/ubuntu/snort-source-files\ntouch SNORTklaar\n\n# Configure SNORT\nip link set dev eth0 promisc on\nip add sh eth0\nethtool -k eth0 | grep receive-offload\nethtool -K eth0 gro off lro off\n\ncat \u003e /etc/systemd/system/snort3-nic.service \u003c\u003c 'EOL'\n[Unit]\nDescription=Set Snort 3 NIC in promiscuous mode and Disable GRO, LRO on boot\nAfter=network.target\n\n[Service]\nType=oneshot\nExecStart=/usr/sbin/ip link set dev eth0 promisc on\nExecStart=/usr/sbin/ethtool -K eth0 gro off lro off\nTimeoutStartSec=0\nRemainAfterExit=yes\n\n[Install]\nWantedBy=default.target\nEOL\n\nsystemctl daemon-reload\nsystemctl enable --now snort3-nic.service\n\n# Install SNORT Rules\nmkdir /usr/local/etc/rules\nwget -qO- \\\nhttps://www.snort.org/downloads/community/snort3-community-rules.tar.gz \\\n| tar xz -C /usr/local/etc/rules/\n\n# Configuration file path\nconfig_file=\"/usr/local/etc/snort/snort.lua\"\n\n# Lines to add\nline24=\"HOME_NET = '10.0.1.0/24'\"\nline28=\"EXTERNAL_NET = '!\\$HOME_NET'\"\nline192=\",\"\nline193=\"    rules = [[\\n    include \\$RULE_PATH/snort3-community-rules/snort3-community.rules\\n    ]]\"\nline196=\"}\"\n\n# Remove existing lines and insert new lines at specific line numbers\nsed -i \"24s|.*|$line24|\" \"$config_file\"\nsed -i \"28s|.*|$line28|\" \"$config_file\"\nsed -i \"192s|.*|\u0026,|\" \"$config_file\"\nsed -i \"193s|.*|$line193|\" \"$config_file\"\nsed -i \"196i$line196\" \"$config_file\"\n\nmkdir /var/log/snort\n\ncd /home/ubuntu/snort-source-files/\ntouch klaar",
            "vars": null
          },
          "sensitive_attributes": []
        }
      ]
    },
    {
      "mode": "managed",
      "type": "aws_instance",
      "name": "snort_instance",
      "provider": "provider[\"registry.terraform.io/hashicorp/aws\"]",
      "instances": [
        {
          "schema_version": 1,
          "attributes": {
            "ami": "ami-053b0d53c279acc90",
            "arn": "arn:aws:ec2:us-east-1:918414942450:instance/i-08bfd8fe18f11ecc0",
            "associate_public_ip_address": true,
            "availability_zone": "us-east-1a",
            "capacity_reservation_specification": [
              {
                "capacity_reservation_preference": "open",
                "capacity_reservation_target": []
              }
            ],
            "cpu_core_count": 2,
            "cpu_options": [
              {
                "amd_sev_snp": "",
                "core_count": 2,
                "threads_per_core": 1
              }
            ],
            "cpu_threads_per_core": 1,
            "credit_specification": [
              {
                "cpu_credits": "standard"
              }
            ],
            "disable_api_stop": false,
            "disable_api_termination": false,
            "ebs_block_device": [],
            "ebs_optimized": false,
            "enclave_options": [
              {
                "enabled": false
              }
            ],
            "ephemeral_block_device": [],
            "get_password_data": false,
            "hibernation": false,
            "host_id": "",
            "host_resource_group_arn": null,
            "iam_instance_profile": "",
            "id": "i-08bfd8fe18f11ecc0",
            "instance_initiated_shutdown_behavior": "stop",
            "instance_state": "running",
            "instance_type": "t2.large",
            "ipv6_address_count": 0,
            "ipv6_addresses": [],
            "key_name": "",
            "launch_template": [],
            "maintenance_options": [
              {
                "auto_recovery": "default"
              }
            ],
            "metadata_options": [
              {
                "http_endpoint": "enabled",
                "http_put_response_hop_limit": 1,
                "http_tokens": "optional",
                "instance_metadata_tags": "disabled"
              }
            ],
            "monitoring": false,
            "network_interface": [],
            "outpost_arn": "",
            "password_data": "",
            "placement_group": "",
            "placement_partition_number": 0,
            "primary_network_interface_id": "eni-08054986791e1b0e4",
            "private_dns": "ip-10-0-1-83.ec2.internal",
            "private_dns_name_options": [
              {
                "enable_resource_name_dns_a_record": false,
                "enable_resource_name_dns_aaaa_record": false,
                "hostname_type": "ip-name"
              }
            ],
            "private_ip": "10.0.1.83",
            "public_dns": "",
            "public_ip": "3.219.237.37",
            "root_block_device": [
              {
                "delete_on_termination": true,
                "device_name": "/dev/sda1",
                "encrypted": false,
                "iops": 100,
                "kms_key_id": "",
                "tags": {},
                "throughput": 0,
                "volume_id": "vol-0aab09d1d647f9f58",
                "volume_size": 8,
                "volume_type": "gp2"
              }
            ],
            "secondary_private_ips": [],
            "security_groups": [],
            "source_dest_check": true,
            "subnet_id": "subnet-0f8a27762176bf179",
            "tags": {
              "Name": "SnortInstance"
            },
            "tags_all": {
              "Name": "SnortInstance"
            },
            "tenancy": "default",
            "timeouts": null,
            "user_data": "01a524238c3b15abc17ada7bf505dbcea182a6ea",
            "user_data_base64": null,
            "user_data_replace_on_change": false,
            "volume_tags": null,
            "vpc_security_group_ids": [
              "sg-0c030a8936ee1d506"
            ]
          },
          "sensitive_attributes": [],
          "private": "eyJlMmJmYjczMC1lY2FhLTExZTYtOGY4OC0zNDM2M2JjN2M0YzAiOnsiY3JlYXRlIjo2MDAwMDAwMDAwMDAsImRlbGV0ZSI6MTIwMDAwMDAwMDAwMCwidXBkYXRlIjo2MDAwMDAwMDAwMDB9LCJzY2hlbWFfdmVyc2lvbiI6IjEifQ==",
          "dependencies": [
            "aws_security_group.test_sg",
            "aws_subnet.public_subnet",
            "aws_vpc.my_vpc",
            "data.template_file.user_data"
          ]
        }
      ]
    },
    {
      "mode": "managed",
      "type": "aws_internet_gateway",
      "name": "internet_gateway",
      "provider": "provider[\"registry.terraform.io/hashicorp/aws\"]",
      "instances": [
        {
          "schema_version": 0,
          "attributes": {
            "arn": "arn:aws:ec2:us-east-1:918414942450:internet-gateway/igw-053eb080f804786e3",
            "id": "igw-053eb080f804786e3",
            "owner_id": "918414942450",
            "tags": {
              "Name": "InternetGateway"
            },
            "tags_all": {
              "Name": "InternetGateway"
            },
            "timeouts": null,
            "vpc_id": "vpc-07ff956999fe37dce"
          },
          "sensitive_attributes": [],
          "private": "eyJlMmJmYjczMC1lY2FhLTExZTYtOGY4OC0zNDM2M2JjN2M0YzAiOnsiY3JlYXRlIjoxMjAwMDAwMDAwMDAwLCJkZWxldGUiOjEyMDAwMDAwMDAwMDAsInVwZGF0ZSI6MTIwMDAwMDAwMDAwMH19",
          "dependencies": [
            "aws_vpc.my_vpc"
          ]
        }
      ]
    },
    {
      "mode": "managed",
      "type": "aws_route_table",
      "name": "public_route_table",
      "provider": "provider[\"registry.terraform.io/hashicorp/aws\"]",
      "instances": [
        {
          "schema_version": 0,
          "attributes": {
            "arn": "arn:aws:ec2:us-east-1:918414942450:route-table/rtb-07266e38a1ac87fcc",
            "id": "rtb-07266e38a1ac87fcc",
            "owner_id": "918414942450",
            "propagating_vgws": [],
            "route": [
              {
                "carrier_gateway_id": "",
                "cidr_block": "0.0.0.0/0",
                "core_network_arn": "",
                "destination_prefix_list_id": "",
                "egress_only_gateway_id": "",
                "gateway_id": "igw-053eb080f804786e3",
                "instance_id": "",
                "ipv6_cidr_block": "",
                "local_gateway_id": "",
                "nat_gateway_id": "",
                "network_interface_id": "",
                "transit_gateway_id": "",
                "vpc_endpoint_id": "",
                "vpc_peering_connection_id": ""
              }
            ],
            "tags": {
              "Name": "PublicRouteTable"
            },
            "tags_all": {
              "Name": "PublicRouteTable"
            },
            "timeouts": null,
            "vpc_id": "vpc-07ff956999fe37dce"
          },
          "sensitive_attributes": [],
          "private": "eyJlMmJmYjczMC1lY2FhLTExZTYtOGY4OC0zNDM2M2JjN2M0YzAiOnsiY3JlYXRlIjozMDAwMDAwMDAwMDAsImRlbGV0ZSI6MzAwMDAwMDAwMDAwLCJ1cGRhdGUiOjEyMDAwMDAwMDAwMH19",
          "dependencies": [
            "aws_internet_gateway.internet_gateway",
            "aws_vpc.my_vpc"
          ]
        }
      ]
    },
    {
      "mode": "managed",
      "type": "aws_route_table_association",
      "name": "public_route_association",
      "provider": "provider[\"registry.terraform.io/hashicorp/aws\"]",
      "instances": [
        {
          "schema_version": 0,
          "attributes": {
            "gateway_id": "",
            "id": "rtbassoc-0d5b976cb0531e35e",
            "route_table_id": "rtb-07266e38a1ac87fcc",
            "subnet_id": "subnet-0f8a27762176bf179",
            "timeouts": null
          },
          "sensitive_attributes": [],
          "private": "eyJlMmJmYjczMC1lY2FhLTExZTYtOGY4OC0zNDM2M2JjN2M0YzAiOnsiY3JlYXRlIjozMDAwMDAwMDAwMDAsImRlbGV0ZSI6MzAwMDAwMDAwMDAwLCJ1cGRhdGUiOjEyMDAwMDAwMDAwMH19",
          "dependencies": [
            "aws_internet_gateway.internet_gateway",
            "aws_route_table.public_route_table",
            "aws_subnet.public_subnet",
            "aws_vpc.my_vpc"
          ]
        }
      ]
    },
    {
      "mode": "managed",
      "type": "aws_security_group",
      "name": "test_sg",
      "provider": "provider[\"registry.terraform.io/hashicorp/aws\"]",
      "instances": [
        {
          "schema_version": 1,
          "attributes": {
            "arn": "arn:aws:ec2:us-east-1:918414942450:security-group/sg-0c030a8936ee1d506",
            "description": "Allow SSH, HTTP, and HTTPS traffic",
            "egress": [
              {
                "cidr_blocks": [
                  "0.0.0.0/0"
                ],
                "description": "",
                "from_port": 0,
                "ipv6_cidr_blocks": [],
                "prefix_list_ids": [],
                "protocol": "-1",
                "security_groups": [],
                "self": false,
                "to_port": 0
              }
            ],
            "id": "sg-0c030a8936ee1d506",
            "ingress": [
              {
                "cidr_blocks": [
                  "0.0.0.0/0"
                ],
                "description": "",
                "from_port": 22,
                "ipv6_cidr_blocks": [],
                "prefix_list_ids": [],
                "protocol": "tcp",
                "security_groups": [],
                "self": false,
                "to_port": 22
              },
              {
                "cidr_blocks": [
                  "0.0.0.0/0"
                ],
                "description": "",
                "from_port": 443,
                "ipv6_cidr_blocks": [],
                "prefix_list_ids": [],
                "protocol": "tcp",
                "security_groups": [],
                "self": false,
                "to_port": 443
              },
              {
                "cidr_blocks": [
                  "0.0.0.0/0"
                ],
                "description": "",
                "from_port": 80,
                "ipv6_cidr_blocks": [],
                "prefix_list_ids": [],
                "protocol": "tcp",
                "security_groups": [],
                "self": false,
                "to_port": 80
              }
            ],
            "name": "SecurityGroup",
            "name_prefix": "",
            "owner_id": "918414942450",
            "revoke_rules_on_delete": false,
            "tags": null,
            "tags_all": {},
            "timeouts": null,
            "vpc_id": "vpc-07ff956999fe37dce"
          },
          "sensitive_attributes": [],
          "private": "eyJlMmJmYjczMC1lY2FhLTExZTYtOGY4OC0zNDM2M2JjN2M0YzAiOnsiY3JlYXRlIjo2MDAwMDAwMDAwMDAsImRlbGV0ZSI6OTAwMDAwMDAwMDAwfSwic2NoZW1hX3ZlcnNpb24iOiIxIn0=",
          "dependencies": [
            "aws_vpc.my_vpc"
          ]
        }
      ]
    },
    {
      "mode": "managed",
      "type": "aws_subnet",
      "name": "private_subnet",
      "provider": "provider[\"registry.terraform.io/hashicorp/aws\"]",
      "instances": [
        {
          "schema_version": 1,
          "attributes": {
            "arn": "arn:aws:ec2:us-east-1:918414942450:subnet/subnet-018ae017cf9d3e10b",
            "assign_ipv6_address_on_creation": false,
            "availability_zone": "us-east-1b",
            "availability_zone_id": "use1-az2",
            "cidr_block": "10.0.2.0/24",
            "customer_owned_ipv4_pool": "",
            "enable_dns64": false,
            "enable_lni_at_device_index": 0,
            "enable_resource_name_dns_a_record_on_launch": false,
            "enable_resource_name_dns_aaaa_record_on_launch": false,
            "id": "subnet-018ae017cf9d3e10b",
            "ipv6_cidr_block": "",
            "ipv6_cidr_block_association_id": "",
            "ipv6_native": false,
            "map_customer_owned_ip_on_launch": false,
            "map_public_ip_on_launch": false,
            "outpost_arn": "",
            "owner_id": "918414942450",
            "private_dns_hostname_type_on_launch": "ip-name",
            "tags": {
              "Name": "PrivateSubnet"
            },
            "tags_all": {
              "Name": "PrivateSubnet"
            },
            "timeouts": null,
            "vpc_id": "vpc-07ff956999fe37dce"
          },
          "sensitive_attributes": [],
          "private": "eyJlMmJmYjczMC1lY2FhLTExZTYtOGY4OC0zNDM2M2JjN2M0YzAiOnsiY3JlYXRlIjo2MDAwMDAwMDAwMDAsImRlbGV0ZSI6MTIwMDAwMDAwMDAwMH0sInNjaGVtYV92ZXJzaW9uIjoiMSJ9",
          "dependencies": [
            "aws_vpc.my_vpc"
          ]
        }
      ]
    },
    {
      "mode": "managed",
      "type": "aws_subnet",
      "name": "public_subnet",
      "provider": "provider[\"registry.terraform.io/hashicorp/aws\"]",
      "instances": [
        {
          "schema_version": 1,
          "attributes": {
            "arn": "arn:aws:ec2:us-east-1:918414942450:subnet/subnet-0f8a27762176bf179",
            "assign_ipv6_address_on_creation": false,
            "availability_zone": "us-east-1a",
            "availability_zone_id": "use1-az1",
            "cidr_block": "10.0.1.0/24",
            "customer_owned_ipv4_pool": "",
            "enable_dns64": false,
            "enable_lni_at_device_index": 0,
            "enable_resource_name_dns_a_record_on_launch": false,
            "enable_resource_name_dns_aaaa_record_on_launch": false,
            "id": "subnet-0f8a27762176bf179",
            "ipv6_cidr_block": "",
            "ipv6_cidr_block_association_id": "",
            "ipv6_native": false,
            "map_customer_owned_ip_on_launch": false,
            "map_public_ip_on_launch": false,
            "outpost_arn": "",
            "owner_id": "918414942450",
            "private_dns_hostname_type_on_launch": "ip-name",
            "tags": {
              "Name": "PublicSubnet"
            },
            "tags_all": {
              "Name": "PublicSubnet"
            },
            "timeouts": null,
            "vpc_id": "vpc-07ff956999fe37dce"
          },
          "sensitive_attributes": [],
          "private": "eyJlMmJmYjczMC1lY2FhLTExZTYtOGY4OC0zNDM2M2JjN2M0YzAiOnsiY3JlYXRlIjo2MDAwMDAwMDAwMDAsImRlbGV0ZSI6MTIwMDAwMDAwMDAwMH0sInNjaGVtYV92ZXJzaW9uIjoiMSJ9",
          "dependencies": [
            "aws_vpc.my_vpc"
          ]
        }
      ]
    },
    {
      "mode": "managed",
      "type": "aws_vpc",
      "name": "my_vpc",
      "provider": "provider[\"registry.terraform.io/hashicorp/aws\"]",
      "instances": [
        {
          "schema_version": 1,
          "attributes": {
            "arn": "arn:aws:ec2:us-east-1:918414942450:vpc/vpc-07ff956999fe37dce",
            "assign_generated_ipv6_cidr_block": false,
            "cidr_block": "10.0.0.0/16",
            "default_network_acl_id": "acl-03709e38c49cc0016",
            "default_route_table_id": "rtb-05c8126e7ab78c9e5",
            "default_security_group_id": "sg-0a771515c36b38423",
            "dhcp_options_id": "dopt-0146cb960f3ddd577",
            "enable_classiclink": false,
            "enable_classiclink_dns_support": false,
            "enable_dns_hostnames": false,
            "enable_dns_support": true,
            "enable_network_address_usage_metrics": false,
            "id": "vpc-07ff956999fe37dce",
            "instance_tenancy": "default",
            "ipv4_ipam_pool_id": null,
            "ipv4_netmask_length": null,
            "ipv6_association_id": "",
            "ipv6_cidr_block": "",
            "ipv6_cidr_block_network_border_group": "",
            "ipv6_ipam_pool_id": "",
            "ipv6_netmask_length": 0,
            "main_route_table_id": "rtb-05c8126e7ab78c9e5",
            "owner_id": "918414942450",
            "tags": {
              "Name": "MyVPC"
            },
            "tags_all": {
              "Name": "MyVPC"
            }
          },
          "sensitive_attributes": [],
          "private": "eyJzY2hlbWFfdmVyc2lvbiI6IjEifQ=="
        }
      ]
    }
  ],
  "check_results": null
}
